
Microsoft Visual Studio Solution File, Format Version 12.00
# Visual Studio Version 17
VisualStudioVersion = 17.2.32526.322
MinimumVisualStudioVersion = 10.0.40219.1
Project("{FAE04EC0-301F-11D3-BF4B-00C04F79EFBC}") = "my-books", "my-books.csproj", "{49AB509A-C714-4124-BCA2-733445BB2842}"
EndProject
Global
	GlobalSection(SolutionConfigurationPlatforms) = preSolution
		Debug|Any CPU = Debug|Any CPU
		Release|Any CPU = Release|Any CPU
	EndGlobalSection
	GlobalSection(ProjectConfigurationPlatforms) = postSolution
		{49AB509A-C714-4124-BCA2-733445BB2842}.Debug|Any CPU.ActiveCfg = Debug|Any CPU
		{49AB509A-C714-4124-BCA2-733445BB2842}.Debug|Any CPU.Build.0 = Debug|Any CPU
		{49AB509A-C714-4124-BCA2-733445BB2842}.Release|Any CPU.ActiveCfg = Release|Any CPU
		{49AB509A-C714-4124-BCA2-733445BB2842}.Release|Any CPU.Build.0 = Release|Any CPU
	EndGlobalSection
	GlobalSection(SolutionProperties) = preSolution
		HideSolutionNode = FALSE
	EndGlobalSection
	GlobalSection(ExtensibilityGlobals) = postSolution
		SolutionGuid = {D81F9CAE-528D-4947-9349-9B72FC9EBD53}
	EndGlobalSection
EndGlobal
